
Microsoft Visual Studio Solution File, Format Version 12.00
# Visual Studio Version 17
VisualStudioVersion = 17.9.34723.18
MinimumVisualStudioVersion = 10.0.40219.1
Project("{FAE04EC0-301F-11D3-BF4B-00C04F79EFBC}") = "WpfApp1", "WpfApp1.csproj", "{B59D5CA8-BDFF-44C2-8E79-5F4FB28AD431}"
EndProject
Global
	GlobalSection(SolutionConfigurationPlatforms) = preSolution
		Debug|Any CPU = Debug|Any CPU
		Release|Any CPU = Release|Any CPU
	EndGlobalSection
	GlobalSection(ProjectConfigurationPlatforms) = postSolution
		{B59D5CA8-BDFF-44C2-8E79-5F4FB28AD431}.Debug|Any CPU.ActiveCfg = Debug|Any CPU
		{B59D5CA8-BDFF-44C2-8E79-5F4FB28AD431}.Debug|Any CPU.Build.0 = Debug|Any CPU
		{B59D5CA8-BDFF-44C2-8E79-5F4FB28AD431}.Release|Any CPU.ActiveCfg = Release|Any CPU
		{B59D5CA8-BDFF-44C2-8E79-5F4FB28AD431}.Release|Any CPU.Build.0 = Release|Any CPU
	EndGlobalSection
	GlobalSection(SolutionProperties) = preSolution
		HideSolutionNode = FALSE
	EndGlobalSection
	GlobalSection(ExtensibilityGlobals) = postSolution
		SolutionGuid = {E2498877-791D-4BB8-A78C-B90DBCE44B60}
	EndGlobalSection
EndGlobal
